
Microsoft Visual Studio Solution File, Format Version 12.00
# Visual Studio Version 17
VisualStudioVersion = 17.6.33723.286
MinimumVisualStudioVersion = 10.0.40219.1
Project("{FAE04EC0-301F-11D3-BF4B-00C04F79EFBC}") = "Postfix increment VS prefix increment", "Postfix increment VS prefix increment\Postfix increment VS prefix increment.csproj", "{6301DDCE-907F-4282-9953-688D77C6B8C0}"
EndProject
Global
	GlobalSection(SolutionConfigurationPlatforms) = preSolution
		Debug|Any CPU = Debug|Any CPU
		Release|Any CPU = Release|Any CPU
	EndGlobalSection
	GlobalSection(ProjectConfigurationPlatforms) = postSolution
		{6301DDCE-907F-4282-9953-688D77C6B8C0}.Debug|Any CPU.ActiveCfg = Debug|Any CPU
		{6301DDCE-907F-4282-9953-688D77C6B8C0}.Debug|Any CPU.Build.0 = Debug|Any CPU
		{6301DDCE-907F-4282-9953-688D77C6B8C0}.Release|Any CPU.ActiveCfg = Release|Any CPU
		{6301DDCE-907F-4282-9953-688D77C6B8C0}.Release|Any CPU.Build.0 = Release|Any CPU
	EndGlobalSection
	GlobalSection(SolutionProperties) = preSolution
		HideSolutionNode = FALSE
	EndGlobalSection
	GlobalSection(ExtensibilityGlobals) = postSolution
		SolutionGuid = {53FB80D1-2FC9-454E-8094-83F61E7C8823}
	EndGlobalSection
EndGlobal
